
Microsoft Visual Studio Solution File, Format Version 12.00
# Visual Studio Version 16
VisualStudioVersion = 16.0.30517.126
MinimumVisualStudioVersion = 10.0.40219.1
Project("{9A19103F-16F7-4668-BE54-9A1E7A4F7556}") = "LeaveManagment", "LeaveManagment.csproj", "{65693A0B-8F65-4289-88D9-1E6E690F03BC}"
EndProject
Project("{00D1A9C2-B5F0-4AF3-8072-F6C62B433612}") = "LeaveManagmentDB", "..\LeaveManagmentDB\LeaveManagmentDB.sqlproj", "{83271DC4-E53F-42CE-8CC1-DC27D8D54C0A}"
EndProject
Global
	GlobalSection(SolutionConfigurationPlatforms) = preSolution
		Debug|Any CPU = Debug|Any CPU
		Release|Any CPU = Release|Any CPU
	EndGlobalSection
	GlobalSection(ProjectConfigurationPlatforms) = postSolution
		{65693A0B-8F65-4289-88D9-1E6E690F03BC}.Debug|Any CPU.ActiveCfg = Debug|Any CPU
		{65693A0B-8F65-4289-88D9-1E6E690F03BC}.Debug|Any CPU.Build.0 = Debug|Any CPU
		{65693A0B-8F65-4289-88D9-1E6E690F03BC}.Release|Any CPU.ActiveCfg = Release|Any CPU
		{65693A0B-8F65-4289-88D9-1E6E690F03BC}.Release|Any CPU.Build.0 = Release|Any CPU
		{83271DC4-E53F-42CE-8CC1-DC27D8D54C0A}.Debug|Any CPU.ActiveCfg = Debug|Any CPU
		{83271DC4-E53F-42CE-8CC1-DC27D8D54C0A}.Debug|Any CPU.Build.0 = Debug|Any CPU
		{83271DC4-E53F-42CE-8CC1-DC27D8D54C0A}.Debug|Any CPU.Deploy.0 = Debug|Any CPU
		{83271DC4-E53F-42CE-8CC1-DC27D8D54C0A}.Release|Any CPU.ActiveCfg = Release|Any CPU
		{83271DC4-E53F-42CE-8CC1-DC27D8D54C0A}.Release|Any CPU.Build.0 = Release|Any CPU
		{83271DC4-E53F-42CE-8CC1-DC27D8D54C0A}.Release|Any CPU.Deploy.0 = Release|Any CPU
	EndGlobalSection
	GlobalSection(SolutionProperties) = preSolution
		HideSolutionNode = FALSE
	EndGlobalSection
	GlobalSection(ExtensibilityGlobals) = postSolution
		SolutionGuid = {8489F538-39B0-4523-A962-84164BC67019}
	EndGlobalSection
EndGlobal
